
Microsoft Visual Studio Solution File, Format Version 12.00
# Visual Studio Version 16
VisualStudioVersion = 16.0.30611.23
MinimumVisualStudioVersion = 10.0.40219.1
Project("{FAE04EC0-301F-11D3-BF4B-00C04F79EFBC}") = "testavdatabas", "testavdatabas\testavdatabas.csproj", "{11F17FAF-7FF8-4DA6-9277-2756F5BC0184}"
EndProject
Global
	GlobalSection(SolutionConfigurationPlatforms) = preSolution
		Debug|Any CPU = Debug|Any CPU
		Release|Any CPU = Release|Any CPU
	EndGlobalSection
	GlobalSection(ProjectConfigurationPlatforms) = postSolution
		{11F17FAF-7FF8-4DA6-9277-2756F5BC0184}.Debug|Any CPU.ActiveCfg = Debug|Any CPU
		{11F17FAF-7FF8-4DA6-9277-2756F5BC0184}.Debug|Any CPU.Build.0 = Debug|Any CPU
		{11F17FAF-7FF8-4DA6-9277-2756F5BC0184}.Release|Any CPU.ActiveCfg = Release|Any CPU
		{11F17FAF-7FF8-4DA6-9277-2756F5BC0184}.Release|Any CPU.Build.0 = Release|Any CPU
	EndGlobalSection
	GlobalSection(SolutionProperties) = preSolution
		HideSolutionNode = FALSE
	EndGlobalSection
	GlobalSection(ExtensibilityGlobals) = postSolution
		SolutionGuid = {3AE2E8B4-1127-4278-BF82-DD587BDC78DA}
	EndGlobalSection
EndGlobal
